%{
  "atomic_map": {:hex, :atomic_map, "0.9.3", "3c7f1302e0590164732d08ca999708efbb2cd768abf2911cf140280ce2dc499d", [:mix], [], "hexpm", "c237babf301bd2435bd85b96cffc973022b4cbb7721537059ee0dd3bb74938d2"},
  "decorator": {:hex, :decorator, "1.4.0", "a57ac32c823ea7e4e67f5af56412d12b33274661bb7640ec7fc882f8d23ac419", [:mix], [], "hexpm", "0a07cedd9083da875c7418dea95b78361197cf2bf3211d743f6f7ce39656597f"},
  "exhmac": {:hex, :exhmac, "1.1.2", "25e2380f1d0ea2ee455f94d8b1da4455776f4808c5ef94e989cf1f016cd27ba6", [:mix], [{:atomic_map, "~> 0.9.3", [hex: :atomic_map, repo: "hexpm", optional: false]}, {:decorator, "~> 1.4.0", [hex: :decorator, repo: "hexpm", optional: false]}, {:poison, "~> 4.0.1", [hex: :poison, repo: "hexpm", optional: false]}], "hexpm", "bef68a5ed64786d458a2fc43775f3514b0239e6a7fb28ff16052d0079f837167"},
  "poison": {:hex, :poison, "4.0.1", "bcb755a16fac91cad79bfe9fc3585bb07b9331e50cfe3420a24bcc2d735709ae", [:mix], [], "hexpm", "ba8836feea4b394bb718a161fc59a288fe0109b5006d6bdf97b6badfcf6f0f25"},
}
